
Microsoft Visual Studio Solution File, Format Version 12.00
# Visual Studio Version 17
VisualStudioVersion = 17.9.34622.214
MinimumVisualStudioVersion = 10.0.40219.1
Project("{FAE04EC0-301F-11D3-BF4B-00C04F79EFBC}") = "Lab04", "Lab04\Lab04.csproj", "{1869DE3F-EA56-44B3-BFCE-BBA289F9558C}"
EndProject
Global
	GlobalSection(SolutionConfigurationPlatforms) = preSolution
		Debug|Any CPU = Debug|Any CPU
		Release|Any CPU = Release|Any CPU
	EndGlobalSection
	GlobalSection(ProjectConfigurationPlatforms) = postSolution
		{1869DE3F-EA56-44B3-BFCE-BBA289F9558C}.Debug|Any CPU.ActiveCfg = Debug|Any CPU
		{1869DE3F-EA56-44B3-BFCE-BBA289F9558C}.Debug|Any CPU.Build.0 = Debug|Any CPU
		{1869DE3F-EA56-44B3-BFCE-BBA289F9558C}.Release|Any CPU.ActiveCfg = Release|Any CPU
		{1869DE3F-EA56-44B3-BFCE-BBA289F9558C}.Release|Any CPU.Build.0 = Release|Any CPU
	EndGlobalSection
	GlobalSection(SolutionProperties) = preSolution
		HideSolutionNode = FALSE
	EndGlobalSection
	GlobalSection(ExtensibilityGlobals) = postSolution
		SolutionGuid = {87E31C7F-D017-4409-BB4F-07CEE5300EED}
	EndGlobalSection
EndGlobal
